
Microsoft Visual Studio Solution File, Format Version 12.00
# Visual Studio Version 16
VisualStudioVersion = 16.0.30011.22
MinimumVisualStudioVersion = 10.0.40219.1
Project("{FAE04EC0-301F-11D3-BF4B-00C04F79EFBC}") = "ReverseCoding", "ReverseCoding\ReverseCoding.csproj", "{B998CEA2-30FD-4C9E-8DD5-F80CA6569F05}"
EndProject
Global
	GlobalSection(SolutionConfigurationPlatforms) = preSolution
		Debug|Any CPU = Debug|Any CPU
		Release|Any CPU = Release|Any CPU
	EndGlobalSection
	GlobalSection(ProjectConfigurationPlatforms) = postSolution
		{B998CEA2-30FD-4C9E-8DD5-F80CA6569F05}.Debug|Any CPU.ActiveCfg = Debug|Any CPU
		{B998CEA2-30FD-4C9E-8DD5-F80CA6569F05}.Debug|Any CPU.Build.0 = Debug|Any CPU
		{B998CEA2-30FD-4C9E-8DD5-F80CA6569F05}.Release|Any CPU.ActiveCfg = Release|Any CPU
		{B998CEA2-30FD-4C9E-8DD5-F80CA6569F05}.Release|Any CPU.Build.0 = Release|Any CPU
	EndGlobalSection
	GlobalSection(SolutionProperties) = preSolution
		HideSolutionNode = FALSE
	EndGlobalSection
	GlobalSection(ExtensibilityGlobals) = postSolution
		SolutionGuid = {1281F975-9575-4978-AB1B-3E8DD77B23FB}
	EndGlobalSection
EndGlobal
