
Microsoft Visual Studio Solution File, Format Version 12.00
# Visual Studio Version 16
VisualStudioVersion = 16.0.30011.22
MinimumVisualStudioVersion = 10.0.40219.1
Project("{FAE04EC0-301F-11D3-BF4B-00C04F79EFBC}") = "ConvertToHex", "ConvertToHex\ConvertToHex.csproj", "{2F46BD66-CD03-49DA-BF92-6C02180596D9}"
EndProject
Global
	GlobalSection(SolutionConfigurationPlatforms) = preSolution
		Debug|Any CPU = Debug|Any CPU
		Release|Any CPU = Release|Any CPU
	EndGlobalSection
	GlobalSection(ProjectConfigurationPlatforms) = postSolution
		{2F46BD66-CD03-49DA-BF92-6C02180596D9}.Debug|Any CPU.ActiveCfg = Debug|Any CPU
		{2F46BD66-CD03-49DA-BF92-6C02180596D9}.Debug|Any CPU.Build.0 = Debug|Any CPU
		{2F46BD66-CD03-49DA-BF92-6C02180596D9}.Release|Any CPU.ActiveCfg = Release|Any CPU
		{2F46BD66-CD03-49DA-BF92-6C02180596D9}.Release|Any CPU.Build.0 = Release|Any CPU
	EndGlobalSection
	GlobalSection(SolutionProperties) = preSolution
		HideSolutionNode = FALSE
	EndGlobalSection
	GlobalSection(ExtensibilityGlobals) = postSolution
		SolutionGuid = {E445BFB0-2B27-4025-98BD-B14191C25E91}
	EndGlobalSection
EndGlobal
